
Microsoft Visual Studio Solution File, Format Version 12.00
# Visual Studio Version 17
VisualStudioVersion = 17.2.32519.379
MinimumVisualStudioVersion = 10.0.40219.1
Project("{2150E333-8FDC-42A3-9474-1A3956D46DE8}") = "src", "src", "{1545EFA1-0882-463B-9E8D-0E4C00349141}"
EndProject
Project("{2150E333-8FDC-42A3-9474-1A3956D46DE8}") = "tests", "tests", "{737927F6-DDB1-4F23-B897-767EBF4CBD9A}"
EndProject
Project("{9A19103F-16F7-4668-BE54-9A1E7A4F7556}") = "Ieg.Sequencer", "src\Ieg.Sequencer\Ieg.Sequencer.csproj", "{3E9A3114-7972-4222-9A18-F57A60B499F0}"
EndProject
Project("{2150E333-8FDC-42A3-9474-1A3956D46DE8}") = "Solution Items", "Solution Items", "{4AFD2E78-CDEE-4041-905A-1A1F7D96BA84}"
	ProjectSection(SolutionItems) = preProject
		LICENSE.txt = LICENSE.txt
		README.md = README.md
	EndProjectSection
EndProject
Project("{FAE04EC0-301F-11D3-BF4B-00C04F79EFBC}") = "UnitTests.Sequencer", "tests\UnitTests.Sequencer\UnitTests.Sequencer.csproj", "{DC3A838F-D3F6-49C3-AA09-4C948641F296}"
EndProject
Global
	GlobalSection(SolutionConfigurationPlatforms) = preSolution
		Debug|Any CPU = Debug|Any CPU
		Release|Any CPU = Release|Any CPU
	EndGlobalSection
	GlobalSection(ProjectConfigurationPlatforms) = postSolution
		{3E9A3114-7972-4222-9A18-F57A60B499F0}.Debug|Any CPU.ActiveCfg = Debug|Any CPU
		{3E9A3114-7972-4222-9A18-F57A60B499F0}.Debug|Any CPU.Build.0 = Debug|Any CPU
		{3E9A3114-7972-4222-9A18-F57A60B499F0}.Release|Any CPU.ActiveCfg = Release|Any CPU
		{3E9A3114-7972-4222-9A18-F57A60B499F0}.Release|Any CPU.Build.0 = Release|Any CPU
		{DC3A838F-D3F6-49C3-AA09-4C948641F296}.Debug|Any CPU.ActiveCfg = Debug|Any CPU
		{DC3A838F-D3F6-49C3-AA09-4C948641F296}.Debug|Any CPU.Build.0 = Debug|Any CPU
		{DC3A838F-D3F6-49C3-AA09-4C948641F296}.Release|Any CPU.ActiveCfg = Release|Any CPU
		{DC3A838F-D3F6-49C3-AA09-4C948641F296}.Release|Any CPU.Build.0 = Release|Any CPU
	EndGlobalSection
	GlobalSection(SolutionProperties) = preSolution
		HideSolutionNode = FALSE
	EndGlobalSection
	GlobalSection(NestedProjects) = preSolution
		{3E9A3114-7972-4222-9A18-F57A60B499F0} = {1545EFA1-0882-463B-9E8D-0E4C00349141}
		{DC3A838F-D3F6-49C3-AA09-4C948641F296} = {737927F6-DDB1-4F23-B897-767EBF4CBD9A}
	EndGlobalSection
	GlobalSection(ExtensibilityGlobals) = postSolution
		SolutionGuid = {9810494A-DC86-4C2D-B433-97A0FEA747E7}
	EndGlobalSection
EndGlobal
